speakeasyVersion: 1.446.1
sources:
    exfunc-OAS:
        sourceNamespace: exfunc-oas
        sourceRevisionDigest: sha256:9f27fe03bf7c9debe74994c1c10097797ef78667fd243c4acdbc105a973acfc4
        sourceBlobDigest: sha256:9e2d81fce27a0bd91be544d0582e91044a857e9024b8996b5e85d1e645377a87
        tags:
            - latest
            - 1.0.0
targets:
    exfunc:
        source: exfunc-OAS
        sourceNamespace: exfunc-oas
        sourceRevisionDigest: sha256:9f27fe03bf7c9debe74994c1c10097797ef78667fd243c4acdbc105a973acfc4
        sourceBlobDigest: sha256:9e2d81fce27a0bd91be544d0582e91044a857e9024b8996b5e85d1e645377a87
        codeSamplesNamespace: exfunc-oas-code-samples
        codeSamplesRevisionDigest: sha256:c1505b0342ca01a2a59865f581fe898532b50c09b00d0109d2f70807f7383db7
workflow:
    workflowVersion: 1.0.0
    speakeasyVersion: latest
    sources:
        exfunc-OAS:
            inputs:
                - location: ./spec/exfunc_v1_openapi_spec.json
            overlays:
                - location: .speakeasy/speakeasy-modifications-overlay.yaml
            registry:
                location: registry.speakeasyapi.dev/nunchi/nunchi/exfunc-oas
    targets:
        exfunc:
            target: python
            source: exfunc-OAS
            publish:
                pypi:
                    token: $pypi_token
            codeSamples:
                registry:
                    location: registry.speakeasyapi.dev/nunchi/nunchi/exfunc-oas-code-samples
                blocking: false
