speakeasyVersion: 1.441.0
sources:
    exfunc-OAS:
        sourceNamespace: exfunc-oas
        sourceRevisionDigest: sha256:b9cda9271c65ecb7bf1f095624160b09c9daddc10f57e73676579c7dd939ca0d
        sourceBlobDigest: sha256:7f1fa2aa9d147a1bd979600afdfe7e519c83dd1f9558edc7276e3c94318930e8
        tags:
            - latest
targets:
    exfunc:
        source: exfunc-OAS
        sourceNamespace: exfunc-oas
        sourceRevisionDigest: sha256:b9cda9271c65ecb7bf1f095624160b09c9daddc10f57e73676579c7dd939ca0d
        sourceBlobDigest: sha256:7f1fa2aa9d147a1bd979600afdfe7e519c83dd1f9558edc7276e3c94318930e8
        codeSamplesNamespace: exfunc-oas-code-samples
        codeSamplesRevisionDigest: sha256:75a0151b471e85fecc053fc5192ecf3b0d905a8a814038d7ebcb0968a90b3391
workflow:
    workflowVersion: 1.0.0
    speakeasyVersion: latest
    sources:
        exfunc-OAS:
            inputs:
                - location: ./spec/exfunc_v1_openapi_spec.json
            overlays:
                - location: .speakeasy/speakeasy-modifications-overlay.yaml
            registry:
                location: registry.speakeasyapi.dev/nunchi/nunchi/exfunc-oas
    targets:
        exfunc:
            target: python
            source: exfunc-OAS
            publish:
                pypi:
                    token: $pypi_token
            codeSamples:
                registry:
                    location: registry.speakeasyapi.dev/nunchi/nunchi/exfunc-oas-code-samples
                blocking: false
