speakeasyVersion: 1.436.0
sources:
    exfunc-OAS:
        sourceNamespace: exfunc-oas
        sourceRevisionDigest: sha256:dcffc17e151c1e0d77751b89f3987ac84fa10a5a32aa104267a3393bcd9923ce
        sourceBlobDigest: sha256:f6e3b437d7a4f6b35994340417cea3cc3a3d2f5e9bca0d8cf5fbd47ba7b6933e
        tags:
            - latest
            - main
targets:
    exfunc:
        source: exfunc-OAS
        sourceNamespace: exfunc-oas
        sourceRevisionDigest: sha256:dcffc17e151c1e0d77751b89f3987ac84fa10a5a32aa104267a3393bcd9923ce
        sourceBlobDigest: sha256:f6e3b437d7a4f6b35994340417cea3cc3a3d2f5e9bca0d8cf5fbd47ba7b6933e
        codeSamplesNamespace: exfunc-oas-code-samples
        codeSamplesRevisionDigest: sha256:b724d01f4ce13e7defef8a78277b70d480ad01f6c528d3fe0786995775ad6945
workflow:
    workflowVersion: 1.0.0
    speakeasyVersion: latest
    sources:
        exfunc-OAS:
            inputs:
                - location: ./spec/exfunc_v1_openapi_spec.json
            overlays:
                - location: .speakeasy/speakeasy-modifications-overlay.yaml
            registry:
                location: registry.speakeasyapi.dev/nunchi/nunchi/exfunc-oas
    targets:
        exfunc:
            target: python
            source: exfunc-OAS
            publish:
                pypi:
                    token: $pypi_token
            codeSamples:
                registry:
                    location: registry.speakeasyapi.dev/nunchi/nunchi/exfunc-oas-code-samples
                blocking: false
